
Microsoft Visual Studio Solution File, Format Version 12.00
# Visual Studio Version 16
VisualStudioVersion = 16.0.29006.145
MinimumVisualStudioVersion = 10.0.40219.1
Project("{FAE04EC0-301F-11D3-BF4B-00C04F79EFBC}") = "GAMSDemo", "GAMSDemo\GAMSDemo.csproj", "{3918AB46-5373-427D-978C-BA009672D1DF}"
EndProject
Project("{FAE04EC0-301F-11D3-BF4B-00C04F79EFBC}") = "GAMSHelper", "..\GAMSHelper\GAMSHelper\GAMSHelper.csproj", "{9314C5CB-EB55-4620-933B-6A7AD945BE49}"
EndProject
Global
	GlobalSection(SolutionConfigurationPlatforms) = preSolution
		Debug|x64 = Debug|x64
		Release|x64 = Release|x64
	EndGlobalSection
	GlobalSection(ProjectConfigurationPlatforms) = postSolution
		{3918AB46-5373-427D-978C-BA009672D1DF}.Debug|x64.ActiveCfg = Debug|x64
		{3918AB46-5373-427D-978C-BA009672D1DF}.Debug|x64.Build.0 = Debug|x64
		{3918AB46-5373-427D-978C-BA009672D1DF}.Release|x64.ActiveCfg = Release|x64
		{3918AB46-5373-427D-978C-BA009672D1DF}.Release|x64.Build.0 = Release|x64
		{9314C5CB-EB55-4620-933B-6A7AD945BE49}.Debug|x64.ActiveCfg = Debug|Any CPU
		{9314C5CB-EB55-4620-933B-6A7AD945BE49}.Debug|x64.Build.0 = Debug|Any CPU
		{9314C5CB-EB55-4620-933B-6A7AD945BE49}.Release|x64.ActiveCfg = Release|Any CPU
		{9314C5CB-EB55-4620-933B-6A7AD945BE49}.Release|x64.Build.0 = Release|Any CPU
	EndGlobalSection
	GlobalSection(SolutionProperties) = preSolution
		HideSolutionNode = FALSE
	EndGlobalSection
	GlobalSection(ExtensibilityGlobals) = postSolution
		SolutionGuid = {38E89875-8058-4937-911E-7528F022FE30}
	EndGlobalSection
EndGlobal
